
Microsoft Visual Studio Solution File, Format Version 12.00
# Visual Studio Version 16
VisualStudioVersion = 16.0.31019.35
MinimumVisualStudioVersion = 10.0.40219.1
Project("{FAE04EC0-301F-11D3-BF4B-00C04F79EFBC}") = "GoodFood", "GoodFood\GoodFood.csproj", "{5EFA3796-8D4E-415F-AEB4-013B5A9531EF}"
EndProject
Global
	GlobalSection(SolutionConfigurationPlatforms) = preSolution
		Debug|Any CPU = Debug|Any CPU
		Release|Any CPU = Release|Any CPU
	EndGlobalSection
	GlobalSection(ProjectConfigurationPlatforms) = postSolution
		{5EFA3796-8D4E-415F-AEB4-013B5A9531EF}.Debug|Any CPU.ActiveCfg = Debug|Any CPU
		{5EFA3796-8D4E-415F-AEB4-013B5A9531EF}.Debug|Any CPU.Build.0 = Debug|Any CPU
		{5EFA3796-8D4E-415F-AEB4-013B5A9531EF}.Release|Any CPU.ActiveCfg = Release|Any CPU
		{5EFA3796-8D4E-415F-AEB4-013B5A9531EF}.Release|Any CPU.Build.0 = Release|Any CPU
	EndGlobalSection
	GlobalSection(SolutionProperties) = preSolution
		HideSolutionNode = FALSE
	EndGlobalSection
	GlobalSection(ExtensibilityGlobals) = postSolution
		SolutionGuid = {496DCA24-BE76-40A9-802A-EA74657EF3CD}
	EndGlobalSection
EndGlobal
